schema: '2.0'
stages:
  load_data:
    cmd: python src/load_data.py
    deps:
    - path: src/load_data.py
      md5: db94f13dab25164fb992831442e357e7
      size: 228
    outs:
    - path: output/data.pkl
      md5: 35353c71da0985eed8bb507bbc53bd91
      size: 54950285
  train:
    cmd: python src/train.py
    deps:
    - path: output/data.pkl
      md5: 35353c71da0985eed8bb507bbc53bd91
      size: 54950285
    - path: src/train.py
      md5: 6d4bb445c1c3c89ee753148f7cdc793b
      size: 2377
    params:
      params.yaml:
        train.batch_size: 128
        train.dropout: 0.4
        train.hidden_units: 64
        train.lr: 0.01
        train.num_epochs: 1
    outs:
    - path: output/model.h5
      md5: a423b5cdcda6c1f1159ba364bc5a62df
      size: 3680480
    - path: output/train_logs.csv
      md5: 4f9a9e7f3ee29aa90b17d9720ae482e3
      size: 60
  evaluate:
    cmd: python src/evaluate.py
    deps:
    - path: output/data.pkl
      md5: 35353c71da0985eed8bb507bbc53bd91
      size: 54950285
    - path: output/model.h5
      md5: a423b5cdcda6c1f1159ba364bc5a62df
      size: 3680480
    - path: src/evaluate.py
      md5: 56af2219bbc7599971432616d8afdf13
      size: 1161
    outs:
    - path: output/metrics.json
      md5: fddca9cc3f3fd913dec386735d51f3a3
      size: 61
    - path: output/predictions.json
      md5: b63c49b024393f56eab8b2c81481e21e
      size: 310000
